
Microsoft Visual Studio Solution File, Format Version 12.00
Project("{FAE04EC0-301F-11D3-BF4B-00C04F79EFBC}") = "Seleniumtests_rakhimova", "Seleniumtests_rakhimova\Seleniumtests_rakhimova.csproj", "{5B442297-56CA-4B47-9FC7-3DE47AD653CA}"
EndProject
Global
	GlobalSection(SolutionConfigurationPlatforms) = preSolution
		Debug|Any CPU = Debug|Any CPU
		Release|Any CPU = Release|Any CPU
	EndGlobalSection
	GlobalSection(ProjectConfigurationPlatforms) = postSolution
		{5B442297-56CA-4B47-9FC7-3DE47AD653CA}.Debug|Any CPU.ActiveCfg = Debug|Any CPU
		{5B442297-56CA-4B47-9FC7-3DE47AD653CA}.Debug|Any CPU.Build.0 = Debug|Any CPU
		{5B442297-56CA-4B47-9FC7-3DE47AD653CA}.Release|Any CPU.ActiveCfg = Release|Any CPU
		{5B442297-56CA-4B47-9FC7-3DE47AD653CA}.Release|Any CPU.Build.0 = Release|Any CPU
	EndGlobalSection
EndGlobal
